
Microsoft Visual Studio Solution File, Format Version 12.00
# Visual Studio Version 17
VisualStudioVersion = 17.3.32922.545
MinimumVisualStudioVersion = 10.0.40219.1
Project("{FAE04EC0-301F-11D3-BF4B-00C04F79EFBC}") = "UserApp.Api", "UserApp.Api.csproj", "{BF7C2F10-611A-441A-B44F-EBF3B2025608}"
EndProject
Project("{FAE04EC0-301F-11D3-BF4B-00C04F79EFBC}") = "UserApp.Data", "..\UserApp.Data\UserApp.Data.csproj", "{FD4EF434-F28D-476D-97E6-0DAF6BE8D41B}"
EndProject
Project("{FAE04EC0-301F-11D3-BF4B-00C04F79EFBC}") = "UserApp.EFCore", "..\UserApp.EFCore\UserApp.EFCore.csproj", "{AA3B8703-F853-419B-9840-606E236E6D27}"
EndProject
Project("{FAE04EC0-301F-11D3-BF4B-00C04F79EFBC}") = "UserApp.Service", "..\UserApp.Service\UserApp.Service.csproj", "{9B6226CD-211F-4CE4-B6DC-5A6B43EFD17F}"
EndProject
Project("{FAE04EC0-301F-11D3-BF4B-00C04F79EFBC}") = "UserApp.Model", "..\UserApp.Model\UserApp.Model.csproj", "{2A9B7CAE-9543-4F4D-99EA-449BBF49AD15}"
EndProject
Global
	GlobalSection(SolutionConfigurationPlatforms) = preSolution
		Debug|Any CPU = Debug|Any CPU
		Release|Any CPU = Release|Any CPU
	EndGlobalSection
	GlobalSection(ProjectConfigurationPlatforms) = postSolution
		{BF7C2F10-611A-441A-B44F-EBF3B2025608}.Debug|Any CPU.ActiveCfg = Debug|Any CPU
		{BF7C2F10-611A-441A-B44F-EBF3B2025608}.Debug|Any CPU.Build.0 = Debug|Any CPU
		{BF7C2F10-611A-441A-B44F-EBF3B2025608}.Release|Any CPU.ActiveCfg = Release|Any CPU
		{BF7C2F10-611A-441A-B44F-EBF3B2025608}.Release|Any CPU.Build.0 = Release|Any CPU
		{FD4EF434-F28D-476D-97E6-0DAF6BE8D41B}.Debug|Any CPU.ActiveCfg = Debug|Any CPU
		{FD4EF434-F28D-476D-97E6-0DAF6BE8D41B}.Debug|Any CPU.Build.0 = Debug|Any CPU
		{FD4EF434-F28D-476D-97E6-0DAF6BE8D41B}.Release|Any CPU.ActiveCfg = Release|Any CPU
		{FD4EF434-F28D-476D-97E6-0DAF6BE8D41B}.Release|Any CPU.Build.0 = Release|Any CPU
		{AA3B8703-F853-419B-9840-606E236E6D27}.Debug|Any CPU.ActiveCfg = Debug|Any CPU
		{AA3B8703-F853-419B-9840-606E236E6D27}.Debug|Any CPU.Build.0 = Debug|Any CPU
		{AA3B8703-F853-419B-9840-606E236E6D27}.Release|Any CPU.ActiveCfg = Release|Any CPU
		{AA3B8703-F853-419B-9840-606E236E6D27}.Release|Any CPU.Build.0 = Release|Any CPU
		{9B6226CD-211F-4CE4-B6DC-5A6B43EFD17F}.Debug|Any CPU.ActiveCfg = Debug|Any CPU
		{9B6226CD-211F-4CE4-B6DC-5A6B43EFD17F}.Debug|Any CPU.Build.0 = Debug|Any CPU
		{9B6226CD-211F-4CE4-B6DC-5A6B43EFD17F}.Release|Any CPU.ActiveCfg = Release|Any CPU
		{9B6226CD-211F-4CE4-B6DC-5A6B43EFD17F}.Release|Any CPU.Build.0 = Release|Any CPU
		{2A9B7CAE-9543-4F4D-99EA-449BBF49AD15}.Debug|Any CPU.ActiveCfg = Debug|Any CPU
		{2A9B7CAE-9543-4F4D-99EA-449BBF49AD15}.Debug|Any CPU.Build.0 = Debug|Any CPU
		{2A9B7CAE-9543-4F4D-99EA-449BBF49AD15}.Release|Any CPU.ActiveCfg = Release|Any CPU
		{2A9B7CAE-9543-4F4D-99EA-449BBF49AD15}.Release|Any CPU.Build.0 = Release|Any CPU
	EndGlobalSection
	GlobalSection(SolutionProperties) = preSolution
		HideSolutionNode = FALSE
	EndGlobalSection
	GlobalSection(ExtensibilityGlobals) = postSolution
		SolutionGuid = {0D847611-06F3-42BF-8AEF-A93EEE27240A}
	EndGlobalSection
EndGlobal
